
Microsoft Visual Studio Solution File, Format Version 12.00
# Visual Studio 15
VisualStudioVersion = 15.0.26228.9
MinimumVisualStudioVersion = 15.0.26124.0
Project("{9A19103F-16F7-4668-BE54-9A1E7A4F7556}") = "Sunburst.CommandLine", "src\Sunburst.CommandLine\Sunburst.CommandLine.csproj", "{6173E973-7C3B-46D8-A5E6-532D98B41A2D}"
EndProject
Global
	GlobalSection(SolutionConfigurationPlatforms) = preSolution
		Debug|Any CPU = Debug|Any CPU
		Debug|x64 = Debug|x64
		Debug|x86 = Debug|x86
		Release|Any CPU = Release|Any CPU
		Release|x64 = Release|x64
		Release|x86 = Release|x86
	EndGlobalSection
	GlobalSection(ProjectConfigurationPlatforms) = postSolution
		{6173E973-7C3B-46D8-A5E6-532D98B41A2D}.Debug|Any CPU.ActiveCfg = Debug|Any CPU
		{6173E973-7C3B-46D8-A5E6-532D98B41A2D}.Debug|Any CPU.Build.0 = Debug|Any CPU
		{6173E973-7C3B-46D8-A5E6-532D98B41A2D}.Debug|x64.ActiveCfg = Debug|Any CPU
		{6173E973-7C3B-46D8-A5E6-532D98B41A2D}.Debug|x64.Build.0 = Debug|Any CPU
		{6173E973-7C3B-46D8-A5E6-532D98B41A2D}.Debug|x86.ActiveCfg = Debug|Any CPU
		{6173E973-7C3B-46D8-A5E6-532D98B41A2D}.Debug|x86.Build.0 = Debug|Any CPU
		{6173E973-7C3B-46D8-A5E6-532D98B41A2D}.Release|Any CPU.ActiveCfg = Release|Any CPU
		{6173E973-7C3B-46D8-A5E6-532D98B41A2D}.Release|Any CPU.Build.0 = Release|Any CPU
		{6173E973-7C3B-46D8-A5E6-532D98B41A2D}.Release|x64.ActiveCfg = Release|Any CPU
		{6173E973-7C3B-46D8-A5E6-532D98B41A2D}.Release|x64.Build.0 = Release|Any CPU
		{6173E973-7C3B-46D8-A5E6-532D98B41A2D}.Release|x86.ActiveCfg = Release|Any CPU
		{6173E973-7C3B-46D8-A5E6-532D98B41A2D}.Release|x86.Build.0 = Release|Any CPU
	EndGlobalSection
	GlobalSection(SolutionProperties) = preSolution
		HideSolutionNode = FALSE
	EndGlobalSection
EndGlobal
